
Microsoft Visual Studio Solution File, Format Version 12.00
# Visual Studio Version 17
VisualStudioVersion = 17.13.35919.96
MinimumVisualStudioVersion = 10.0.40219.1
Project("{54A90642-561A-4BB1-A94E-469ADEE60C69}") = "codebattlearena.client", "codebattlearena.client\codebattlearena.client.esproj", "{E2F5069A-2D0C-03C6-AC8A-7D3E00DE96D2}"
EndProject
Project("{FAE04EC0-301F-11D3-BF4B-00C04F79EFBC}") = "CodeBattleArena.Server", "CodeBattleArena.Server\CodeBattleArena.Server.csproj", "{0F757C25-A78B-4DD2-B227-761B7B73EAC9}"
EndProject
Project("{FAE04EC0-301F-11D3-BF4B-00C04F79EFBC}") = "CodeBattleArena.Domain", "Domain\CodeBattleArena.Domain.csproj", "{1F990416-D83C-4759-BF34-AA68FE3E768D}"
EndProject
Project("{FAE04EC0-301F-11D3-BF4B-00C04F79EFBC}") = "CodeBattleArena.Infrastructure", "Infrastructure\CodeBattleArena.Infrastructure.csproj", "{4AFE0606-54C5-4A93-8E61-D90926123535}"
EndProject
Project("{FAE04EC0-301F-11D3-BF4B-00C04F79EFBC}") = "CodeBattleArena.Application", "Aplication\CodeBattleArena.Application.csproj", "{2ADC0354-02DA-4A39-BBA7-F703D49F085A}"
EndProject
Project("{FAE04EC0-301F-11D3-BF4B-00C04F79EFBC}") = "CodeBattleArena.Api", "CodeBattleArena.Api\CodeBattleArena.Api.csproj", "{C9F5CE9D-CD1F-49FE-9A74-3F9F669EBF1B}"
EndProject
Global
	GlobalSection(SolutionConfigurationPlatforms) = preSolution
		Debug|Any CPU = Debug|Any CPU
		Release|Any CPU = Release|Any CPU
	EndGlobalSection
	GlobalSection(ProjectConfigurationPlatforms) = postSolution
		{E2F5069A-2D0C-03C6-AC8A-7D3E00DE96D2}.Debug|Any CPU.ActiveCfg = Debug|Any CPU
		{E2F5069A-2D0C-03C6-AC8A-7D3E00DE96D2}.Debug|Any CPU.Build.0 = Debug|Any CPU
		{E2F5069A-2D0C-03C6-AC8A-7D3E00DE96D2}.Debug|Any CPU.Deploy.0 = Debug|Any CPU
		{E2F5069A-2D0C-03C6-AC8A-7D3E00DE96D2}.Release|Any CPU.ActiveCfg = Release|Any CPU
		{E2F5069A-2D0C-03C6-AC8A-7D3E00DE96D2}.Release|Any CPU.Build.0 = Release|Any CPU
		{E2F5069A-2D0C-03C6-AC8A-7D3E00DE96D2}.Release|Any CPU.Deploy.0 = Release|Any CPU
		{0F757C25-A78B-4DD2-B227-761B7B73EAC9}.Debug|Any CPU.ActiveCfg = Debug|Any CPU
		{0F757C25-A78B-4DD2-B227-761B7B73EAC9}.Debug|Any CPU.Build.0 = Debug|Any CPU
		{0F757C25-A78B-4DD2-B227-761B7B73EAC9}.Release|Any CPU.ActiveCfg = Release|Any CPU
		{0F757C25-A78B-4DD2-B227-761B7B73EAC9}.Release|Any CPU.Build.0 = Release|Any CPU
		{1F990416-D83C-4759-BF34-AA68FE3E768D}.Debug|Any CPU.ActiveCfg = Debug|Any CPU
		{1F990416-D83C-4759-BF34-AA68FE3E768D}.Debug|Any CPU.Build.0 = Debug|Any CPU
		{1F990416-D83C-4759-BF34-AA68FE3E768D}.Release|Any CPU.ActiveCfg = Release|Any CPU
		{1F990416-D83C-4759-BF34-AA68FE3E768D}.Release|Any CPU.Build.0 = Release|Any CPU
		{4AFE0606-54C5-4A93-8E61-D90926123535}.Debug|Any CPU.ActiveCfg = Debug|Any CPU
		{4AFE0606-54C5-4A93-8E61-D90926123535}.Debug|Any CPU.Build.0 = Debug|Any CPU
		{4AFE0606-54C5-4A93-8E61-D90926123535}.Release|Any CPU.ActiveCfg = Release|Any CPU
		{4AFE0606-54C5-4A93-8E61-D90926123535}.Release|Any CPU.Build.0 = Release|Any CPU
		{2ADC0354-02DA-4A39-BBA7-F703D49F085A}.Debug|Any CPU.ActiveCfg = Debug|Any CPU
		{2ADC0354-02DA-4A39-BBA7-F703D49F085A}.Debug|Any CPU.Build.0 = Debug|Any CPU
		{2ADC0354-02DA-4A39-BBA7-F703D49F085A}.Release|Any CPU.ActiveCfg = Release|Any CPU
		{2ADC0354-02DA-4A39-BBA7-F703D49F085A}.Release|Any CPU.Build.0 = Release|Any CPU
		{C9F5CE9D-CD1F-49FE-9A74-3F9F669EBF1B}.Debug|Any CPU.ActiveCfg = Debug|Any CPU
		{C9F5CE9D-CD1F-49FE-9A74-3F9F669EBF1B}.Debug|Any CPU.Build.0 = Debug|Any CPU
		{C9F5CE9D-CD1F-49FE-9A74-3F9F669EBF1B}.Release|Any CPU.ActiveCfg = Release|Any CPU
		{C9F5CE9D-CD1F-49FE-9A74-3F9F669EBF1B}.Release|Any CPU.Build.0 = Release|Any CPU
	EndGlobalSection
	GlobalSection(SolutionProperties) = preSolution
		HideSolutionNode = FALSE
	EndGlobalSection
	GlobalSection(ExtensibilityGlobals) = postSolution
		SolutionGuid = {F7B99B38-F8C3-4AC5-ACDE-38F1D75609C1}
	EndGlobalSection
EndGlobal
